
Microsoft Visual Studio Solution File, Format Version 12.00
# Visual Studio Version 17
VisualStudioVersion = 17.10.35004.147
MinimumVisualStudioVersion = 10.0.40219.1
Project("{9A19103F-16F7-4668-BE54-9A1E7A4F7556}") = "OrbitFileSync", "OrbitFileSync\OrbitFileSync.csproj", "{5A24015A-0089-4984-A140-8F40F4AA3070}"
EndProject
Project("{9A19103F-16F7-4668-BE54-9A1E7A4F7556}") = "OrbitFileSync.Desktop", "OrbitFileSync.Desktop\OrbitFileSync.Desktop.csproj", "{CF8B1BE3-2A50-4E23-A45A-C3007FF1C92F}"
EndProject
Project("{FAE04EC0-301F-11D3-BF4B-00C04F79EFBC}") = "OrbitFileSync.Application", "OrbitFileSync.Application\OrbitFileSync.Application.csproj", "{7F131149-DB0F-452F-A97B-C0F897637F4B}"
EndProject
Project("{FAE04EC0-301F-11D3-BF4B-00C04F79EFBC}") = "OrbitFileSync.Infrastructure", "OrbitFileSync.Infrastructure\OrbitFileSync.Infrastructure.csproj", "{9A628AF2-4A4B-4CF9-AB9F-8FF0CD89C10F}"
EndProject
Global
	GlobalSection(SolutionConfigurationPlatforms) = preSolution
		Debug|Any CPU = Debug|Any CPU
		Release|Any CPU = Release|Any CPU
	EndGlobalSection
	GlobalSection(ProjectConfigurationPlatforms) = postSolution
		{5A24015A-0089-4984-A140-8F40F4AA3070}.Debug|Any CPU.ActiveCfg = Debug|Any CPU
		{5A24015A-0089-4984-A140-8F40F4AA3070}.Debug|Any CPU.Build.0 = Debug|Any CPU
		{5A24015A-0089-4984-A140-8F40F4AA3070}.Release|Any CPU.ActiveCfg = Release|Any CPU
		{5A24015A-0089-4984-A140-8F40F4AA3070}.Release|Any CPU.Build.0 = Release|Any CPU
		{CF8B1BE3-2A50-4E23-A45A-C3007FF1C92F}.Debug|Any CPU.ActiveCfg = Debug|Any CPU
		{CF8B1BE3-2A50-4E23-A45A-C3007FF1C92F}.Debug|Any CPU.Build.0 = Debug|Any CPU
		{CF8B1BE3-2A50-4E23-A45A-C3007FF1C92F}.Release|Any CPU.ActiveCfg = Release|Any CPU
		{CF8B1BE3-2A50-4E23-A45A-C3007FF1C92F}.Release|Any CPU.Build.0 = Release|Any CPU
		{7F131149-DB0F-452F-A97B-C0F897637F4B}.Debug|Any CPU.ActiveCfg = Debug|Any CPU
		{7F131149-DB0F-452F-A97B-C0F897637F4B}.Debug|Any CPU.Build.0 = Debug|Any CPU
		{7F131149-DB0F-452F-A97B-C0F897637F4B}.Release|Any CPU.ActiveCfg = Release|Any CPU
		{7F131149-DB0F-452F-A97B-C0F897637F4B}.Release|Any CPU.Build.0 = Release|Any CPU
		{9A628AF2-4A4B-4CF9-AB9F-8FF0CD89C10F}.Debug|Any CPU.ActiveCfg = Debug|Any CPU
		{9A628AF2-4A4B-4CF9-AB9F-8FF0CD89C10F}.Debug|Any CPU.Build.0 = Debug|Any CPU
		{9A628AF2-4A4B-4CF9-AB9F-8FF0CD89C10F}.Release|Any CPU.ActiveCfg = Release|Any CPU
		{9A628AF2-4A4B-4CF9-AB9F-8FF0CD89C10F}.Release|Any CPU.Build.0 = Release|Any CPU
	EndGlobalSection
	GlobalSection(SolutionProperties) = preSolution
		HideSolutionNode = FALSE
	EndGlobalSection
	GlobalSection(ExtensibilityGlobals) = postSolution
		SolutionGuid = {19DD1EA1-E9BF-4A13-A07F-ED0563AE70C1}
	EndGlobalSection
EndGlobal
